// !$*UTF8*$!
{
	archiveVersion = 1;
	classes = {
	};
	objectVersion = 55;
	objects = {

/* Begin PBXBuildFile section */
		7ACB97110023AD3A8B5D08E9 /* Pods_Todo.framework in Frameworks */ = {isa = PBXBuildFile; fileRef = 41F8221E6C356F0091890A17 /* Pods_Todo.framework */; };
		EB54114C2755A69E006400B8 /* Todo.swift in Sources */ = {isa = PBXBuildFile; fileRef = EB54114B2755A69E006400B8 /* Todo.swift */; };
		EB70424F2755C39700F969F4 /* TodoDetailsVC.swift in Sources */ = {isa = PBXBuildFile; fileRef = EB70424E2755C39700F969F4 /* TodoDetailsVC.swift */; };
		EB7E6673275866BD00DDDDB6 /* Main.storyboard in Resources */ = {isa = PBXBuildFile; fileRef = EBAF612A2754587500A70D1A /* Main.storyboard */; };
		EB84BDE7275701E100DDABAA /* NewTodoVC.swift in Sources */ = {isa = PBXBuildFile; fileRef = EB84BDE6275701E100DDABAA /* NewTodoVC.swift */; };
		EBAF61252754587500A70D1A /* AppDelegate.swift in Sources */ = {isa = PBXBuildFile; fileRef = EBAF61242754587500A70D1A /* AppDelegate.swift */; };
		EBAF61272754587500A70D1A /* SceneDelegate.swift in Sources */ = {isa = PBXBuildFile; fileRef = EBAF61262754587500A70D1A /* SceneDelegate.swift */; };
		EBAF61292754587500A70D1A /* MainVC.swift in Sources */ = {isa = PBXBuildFile; fileRef = EBAF61282754587500A70D1A /* MainVC.swift */; };
		EBAF612E2754587500A70D1A /* Assets.xcassets in Resources */ = {isa = PBXBuildFile; fileRef = EBAF612D2754587500A70D1A /* Assets.xcassets */; };
		EBAF61312754587500A70D1A /* LaunchScreen.storyboard in Resources */ = {isa = PBXBuildFile; fileRef = EBAF612F2754587500A70D1A /* LaunchScreen.storyboard */; };
		EBAF6139275464FD00A70D1A /* TodoCell.swift in Sources */ = {isa = PBXBuildFile; fileRef = EBAF6138275464FD00A70D1A /* TodoCell.swift */; };
		EBC8DF2B275BFA9400599613 /* CoreDataDelegates.swift in Sources */ = {isa = PBXBuildFile; fileRef = EBC8DF2A275BFA9400599613 /* CoreDataDelegates.swift */; };
		EBF1C9BA2760FE47000A2CFD /* TodoAlertViewController.swift in Sources */ = {isa = PBXBuildFile; fileRef = EBF1C9B92760FE47000A2CFD /* TodoAlertViewController.swift */; };
		EBF87B26275A4FF600E94169 /* TodoModel.xcdatamodeld in Sources */ = {isa = PBXBuildFile; fileRef = EBF87B24275A4FF600E94169 /* TodoModel.xcdatamodeld */; };
/* End PBXBuildFile section */

/* Begin PBXFileReference section */
		41F8221E6C356F0091890A17 /* Pods_Todo.framework */ = {isa = PBXFileReference; explicitFileType = wrapper.framework; includeInIndex = 0; path = Pods_Todo.framework; sourceTree = BUILT_PRODUCTS_DIR; };
		B875E6379A66E3B85F4862CA /* Pods-Todo.release.xcconfig */ = {isa = PBXFileReference; includeInIndex = 1; lastKnownFileType = text.xcconfig; name = "Pods-Todo.release.xcconfig"; path = "Target Support Files/Pods-Todo/Pods-Todo.release.xcconfig"; sourceTree = "<group>"; };
		EB54114B2755A69E006400B8 /* Todo.swift */ = {isa = PBXFileReference; lastKnownFileType = sourcecode.swift; path = Todo.swift; sourceTree = "<group>"; };
		EB70424E2755C39700F969F4 /* TodoDetailsVC.swift */ = {isa = PBXFileReference; lastKnownFileType = sourcecode.swift; path = TodoDetailsVC.swift; sourceTree = "<group>"; };
		EB84BDE6275701E100DDABAA /* NewTodoVC.swift */ = {isa = PBXFileReference; lastKnownFileType = sourcecode.swift; path = NewTodoVC.swift; sourceTree = "<group>"; };
		EBAF61212754587500A70D1A /* Todo.app */ = {isa = PBXFileReference; explicitFileType = wrapper.application; includeInIndex = 0; path = Todo.app; sourceTree = BUILT_PRODUCTS_DIR; };
		EBAF61242754587500A70D1A /* AppDelegate.swift */ = {isa = PBXFileReference; lastKnownFileType = sourcecode.swift; path = AppDelegate.swift; sourceTree = "<group>"; };
		EBAF61262754587500A70D1A /* SceneDelegate.swift */ = {isa = PBXFileReference; lastKnownFileType = sourcecode.swift; path = SceneDelegate.swift; sourceTree = "<group>"; };
		EBAF61282754587500A70D1A /* MainVC.swift */ = {isa = PBXFileReference; lastKnownFileType = sourcecode.swift; path = MainVC.swift; sourceTree = "<group>"; };
		EBAF612B2754587500A70D1A /* Base */ = {isa = PBXFileReference; lastKnownFileType = file.storyboard; name = Base; path = Base.lproj/Main.storyboard; sourceTree = "<group>"; };
		EBAF612D2754587500A70D1A /* Assets.xcassets */ = {isa = PBXFileReference; lastKnownFileType = folder.assetcatalog; path = Assets.xcassets; sourceTree = "<group>"; };
		EBAF61302754587500A70D1A /* Base */ = {isa = PBXFileReference; lastKnownFileType = file.storyboard; name = Base; path = Base.lproj/LaunchScreen.storyboard; sourceTree = "<group>"; };
		EBAF61322754587500A70D1A /* Info.plist */ = {isa = PBXFileReference; lastKnownFileType = text.plist.xml; path = Info.plist; sourceTree = "<group>"; };
		EBAF6138275464FD00A70D1A /* TodoCell.swift */ = {isa = PBXFileReference; lastKnownFileType = sourcecode.swift; path = TodoCell.swift; sourceTree = "<group>"; };
		EBC8DF2A275BFA9400599613 /* CoreDataDelegates.swift */ = {isa = PBXFileReference; lastKnownFileType = sourcecode.swift; path = CoreDataDelegates.swift; sourceTree = "<group>"; };
		EBF1C9B92760FE47000A2CFD /* TodoAlertViewController.swift */ = {isa = PBXFileReference; lastKnownFileType = sourcecode.swift; path = TodoAlertViewController.swift; sourceTree = "<group>"; };
		EBF87B25275A4FF600E94169 /* TodoModel.xcdatamodel */ = {isa = PBXFileReference; lastKnownFileType = wrapper.xcdatamodel; path = TodoModel.xcdatamodel; sourceTree = "<group>"; };
		FE35184A0803E2DFC8868548 /* Pods-Todo.debug.xcconfig */ = {isa = PBXFileReference; includeInIndex = 1; lastKnownFileType = text.xcconfig; name = "Pods-Todo.debug.xcconfig"; path = "Target Support Files/Pods-Todo/Pods-Todo.debug.xcconfig"; sourceTree = "<group>"; };
/* End PBXFileReference section */

/* Begin PBXFrameworksBuildPhase section */
		EBAF611E2754587400A70D1A /* Frameworks */ = {
			isa = PBXFrameworksBuildPhase;
			buildActionMask = 2147483647;
			files = (
				7ACB97110023AD3A8B5D08E9 /* Pods_Todo.framework in Frameworks */,
			);
			runOnlyForDeploymentPostprocessing = 0;
		};
/* End PBXFrameworksBuildPhase section */

/* Begin PBXGroup section */
		4463BC2D030A0B944DA582A1 /* Frameworks */ = {
			isa = PBXGroup;
			children = (
				41F8221E6C356F0091890A17 /* Pods_Todo.framework */,
			);
			name = Frameworks;
			sourceTree = "<group>";
		};
		559A852EDAAF8E49DCE718BD /* Pods */ = {
			isa = PBXGroup;
			children = (
				FE35184A0803E2DFC8868548 /* Pods-Todo.debug.xcconfig */,
				B875E6379A66E3B85F4862CA /* Pods-Todo.release.xcconfig */,
			);
			path = Pods;
			sourceTree = "<group>";
		};
		EBAF61182754587400A70D1A = {
			isa = PBXGroup;
			children = (
				4463BC2D030A0B944DA582A1 /* Frameworks */,
				559A852EDAAF8E49DCE718BD /* Pods */,
				EBAF61222754587500A70D1A /* Products */,
				EBAF61232754587500A70D1A /* Todo */,
			);
			sourceTree = "<group>";
		};
		EBAF61222754587500A70D1A /* Products */ = {
			isa = PBXGroup;
			children = (
				EBAF61212754587500A70D1A /* Todo.app */,
			);
			name = Products;
			sourceTree = "<group>";
		};
		EBAF61232754587500A70D1A /* Todo */ = {
			isa = PBXGroup;
			children = (
				EBAF61262754587500A70D1A /* SceneDelegate.swift */,
				EBAF61322754587500A70D1A /* Info.plist */,
				EBAF612F2754587500A70D1A /* LaunchScreen.storyboard */,
				EBAF612D2754587500A70D1A /* Assets.xcassets */,
				EBC6E3CF2760F5EC00F7B392 /* Models */,
				EBC6E3D12760F63000F7B392 /* Views */,
				EBC6E3D22760F6A900F7B392 /* Controllers */,
				EBC6E3D32760F6EC00F7B392 /* DataStorage */,
			);
			path = Todo;
			sourceTree = "<group>";
		};
		EBC6E3CF2760F5EC00F7B392 /* Models */ = {
			isa = PBXGroup;
			children = (
				EB54114B2755A69E006400B8 /* Todo.swift */,
			);
			path = Models;
			sourceTree = "<group>";
		};
		EBC6E3D12760F63000F7B392 /* Views */ = {
			isa = PBXGroup;
			children = (
				EBAF6138275464FD00A70D1A /* TodoCell.swift */,
				EBAF612A2754587500A70D1A /* Main.storyboard */,
				EBF1C9B92760FE47000A2CFD /* TodoAlertViewController.swift */,
			);
			path = Views;
			sourceTree = "<group>";
		};
		EBC6E3D22760F6A900F7B392 /* Controllers */ = {
			isa = PBXGroup;
			children = (
				EBAF61282754587500A70D1A /* MainVC.swift */,
				EB84BDE6275701E100DDABAA /* NewTodoVC.swift */,
				EB70424E2755C39700F969F4 /* TodoDetailsVC.swift */,
			);
			path = Controllers;
			sourceTree = "<group>";
		};
		EBC6E3D32760F6EC00F7B392 /* DataStorage */ = {
			isa = PBXGroup;
			children = (
				EBAF61242754587500A70D1A /* AppDelegate.swift */,
				EBC8DF2A275BFA9400599613 /* CoreDataDelegates.swift */,
				EBF87B24275A4FF600E94169 /* TodoModel.xcdatamodeld */,
			);
			path = DataStorage;
			sourceTree = "<group>";
		};
/* End PBXGroup section */

/* Begin PBXNativeTarget section */
		EBAF61202754587400A70D1A /* Todo */ = {
			isa = PBXNativeTarget;
			buildConfigurationList = EBAF61352754587500A70D1A /* Build configuration list for PBXNativeTarget "Todo" */;
			buildPhases = (
				A9F99FBD87CE4FA376CE6619 /* [CP] Check Pods Manifest.lock */,
				EBAF611D2754587400A70D1A /* Sources */,
				EBAF611E2754587400A70D1A /* Frameworks */,
				EBAF611F2754587400A70D1A /* Resources */,
				3E5326591F0D9401AF8C1BAE /* [CP] Embed Pods Frameworks */,
			);
			buildRules = (
			);
			dependencies = (
			);
			name = Todo;
			productName = Todo;
			productReference = EBAF61212754587500A70D1A /* Todo.app */;
			productType = "com.apple.product-type.application";
		};
/* End PBXNativeTarget section */

/* Begin PBXProject section */
		EBAF61192754587400A70D1A /* Project object */ = {
			isa = PBXProject;
			attributes = {
				BuildIndependentTargetsInParallel = 1;
				LastSwiftUpdateCheck = 1310;
				LastUpgradeCheck = 1310;
				TargetAttributes = {
					EBAF61202754587400A70D1A = {
						CreatedOnToolsVersion = 13.1;
					};
				};
			};
			buildConfigurationList = EBAF611C2754587400A70D1A /* Build configuration list for PBXProject "Todo" */;
			compatibilityVersion = "Xcode 13.0";
			developmentRegion = en;
			hasScannedForEncodings = 0;
			knownRegions = (
				en,
				Base,
			);
			mainGroup = EBAF61182754587400A70D1A;
			productRefGroup = EBAF61222754587500A70D1A /* Products */;
			projectDirPath = "";
			projectRoot = "";
			targets = (
				EBAF61202754587400A70D1A /* Todo */,
			);
		};
/* End PBXProject section */

/* Begin PBXResourcesBuildPhase section */
		EBAF611F2754587400A70D1A /* Resources */ = {
			isa = PBXResourcesBuildPhase;
			buildActionMask = 2147483647;
			files = (
				EB7E6673275866BD00DDDDB6 /* Main.storyboard in Resources */,
				EBAF61312754587500A70D1A /* LaunchScreen.storyboard in Resources */,
				EBAF612E2754587500A70D1A /* Assets.xcassets in Resources */,
			);
			runOnlyForDeploymentPostprocessing = 0;
		};
/* End PBXResourcesBuildPhase section */

/* Begin PBXShellScriptBuildPhase section */
		3E5326591F0D9401AF8C1BAE /* [CP] Embed Pods Frameworks */ = {
			isa = PBXShellScriptBuildPhase;
			buildActionMask = 2147483647;
			files = (
			);
			inputFileListPaths = (
				"${PODS_ROOT}/Target Support Files/Pods-Todo/Pods-Todo-frameworks-${CONFIGURATION}-input-files.xcfilelist",
			);
			name = "[CP] Embed Pods Frameworks";
			outputFileListPaths = (
				"${PODS_ROOT}/Target Support Files/Pods-Todo/Pods-Todo-frameworks-${CONFIGURATION}-output-files.xcfilelist",
			);
			runOnlyForDeploymentPostprocessing = 0;
			shellPath = /bin/sh;
			shellScript = "\"${PODS_ROOT}/Target Support Files/Pods-Todo/Pods-Todo-frameworks.sh\"\n";
			showEnvVarsInLog = 0;
		};
		A9F99FBD87CE4FA376CE6619 /* [CP] Check Pods Manifest.lock */ = {
			isa = PBXShellScriptBuildPhase;
			buildActionMask = 2147483647;
			files = (
			);
			inputFileListPaths = (
			);
			inputPaths = (
				"${PODS_PODFILE_DIR_PATH}/Podfile.lock",
				"${PODS_ROOT}/Manifest.lock",
			);
			name = "[CP] Check Pods Manifest.lock";
			outputFileListPaths = (
			);
			outputPaths = (
				"$(DERIVED_FILE_DIR)/Pods-Todo-checkManifestLockResult.txt",
			);
			runOnlyForDeploymentPostprocessing = 0;
			shellPath = /bin/sh;
			shellScript = "diff \"${PODS_PODFILE_DIR_PATH}/Podfile.lock\" \"${PODS_ROOT}/Manifest.lock\" > /dev/null\nif [ $? != 0 ] ; then\n    # print error to STDERR\n    echo \"error: The sandbox is not in sync with the Podfile.lock. Run 'pod install' or update your CocoaPods installation.\" >&2\n    exit 1\nfi\n# This output is used by Xcode 'outputs' to avoid re-running this script phase.\necho \"SUCCESS\" > \"${SCRIPT_OUTPUT_FILE_0}\"\n";
			showEnvVarsInLog = 0;
		};
/* End PBXShellScriptBuildPhase section */

/* Begin PBXSourcesBuildPhase section */
		EBAF611D2754587400A70D1A /* Sources */ = {
			isa = PBXSourcesBuildPhase;
			buildActionMask = 2147483647;
			files = (
				EBAF61292754587500A70D1A /* MainVC.swift in Sources */,
				EB84BDE7275701E100DDABAA /* NewTodoVC.swift in Sources */,
				EB70424F2755C39700F969F4 /* TodoDetailsVC.swift in Sources */,
				EBAF61252754587500A70D1A /* AppDelegate.swift in Sources */,
				EBAF61272754587500A70D1A /* SceneDelegate.swift in Sources */,
				EBF87B26275A4FF600E94169 /* TodoModel.xcdatamodeld in Sources */,
				EBAF6139275464FD00A70D1A /* TodoCell.swift in Sources */,
				EBF1C9BA2760FE47000A2CFD /* TodoAlertViewController.swift in Sources */,
				EB54114C2755A69E006400B8 /* Todo.swift in Sources */,
				EBC8DF2B275BFA9400599613 /* CoreDataDelegates.swift in Sources */,
			);
			runOnlyForDeploymentPostprocessing = 0;
		};
/* End PBXSourcesBuildPhase section */

/* Begin PBXVariantGroup section */
		EBAF612A2754587500A70D1A /* Main.storyboard */ = {
			isa = PBXVariantGroup;
			children = (
				EBAF612B2754587500A70D1A /* Base */,
			);
			name = Main.storyboard;
			sourceTree = "<group>";
		};
		EBAF612F2754587500A70D1A /* LaunchScreen.storyboard */ = {
			isa = PBXVariantGroup;
			children = (
				EBAF61302754587500A70D1A /* Base */,
			);
			name = LaunchScreen.storyboard;
			sourceTree = "<group>";
		};
/* End PBXVariantGroup section */

/* Begin XCBuildConfiguration section */
		EBAF61332754587500A70D1A /* Debug */ = {
			isa = XCBuildConfiguration;
			buildSettings = {
				ALWAYS_SEARCH_USER_PATHS = NO;
				CLANG_ANALYZER_NONNULL = YES;
				CLANG_ANALYZER_NUMBER_OBJECT_CONVERSION = YES_AGGRESSIVE;
				CLANG_CXX_LANGUAGE_STANDARD = "gnu++17";
				CLANG_CXX_LIBRARY = "libc++";
				CLANG_ENABLE_MODULES = YES;
				CLANG_ENABLE_OBJC_ARC = YES;
				CLANG_ENABLE_OBJC_WEAK = YES;
				CLANG_WARN_BLOCK_CAPTURE_AUTORELEASING = YES;
				CLANG_WARN_BOOL_CONVERSION = YES;
				CLANG_WARN_COMMA = YES;
				CLANG_WARN_CONSTANT_CONVERSION = YES;
				CLANG_WARN_DEPRECATED_OBJC_IMPLEMENTATIONS = YES;
				CLANG_WARN_DIRECT_OBJC_ISA_USAGE = YES_ERROR;
				CLANG_WARN_DOCUMENTATION_COMMENTS = YES;
				CLANG_WARN_EMPTY_BODY = YES;
				CLANG_WARN_ENUM_CONVERSION = YES;
				CLANG_WARN_INFINITE_RECURSION = YES;
				CLANG_WARN_INT_CONVERSION = YES;
				CLANG_WARN_NON_LITERAL_NULL_CONVERSION = YES;
				CLANG_WARN_OBJC_IMPLICIT_RETAIN_SELF = YES;
				CLANG_WARN_OBJC_LITERAL_CONVERSION = YES;
				CLANG_WARN_OBJC_ROOT_CLASS = YES_ERROR;
				CLANG_WARN_QUOTED_INCLUDE_IN_FRAMEWORK_HEADER = YES;
				CLANG_WARN_RANGE_LOOP_ANALYSIS = YES;
				CLANG_WARN_STRICT_PROTOTYPES = YES;
				CLANG_WARN_SUSPICIOUS_MOVE = YES;
				CLANG_WARN_UNGUARDED_AVAILABILITY = YES_AGGRESSIVE;
				CLANG_WARN_UNREACHABLE_CODE = YES;
				CLANG_WARN__DUPLICATE_METHOD_MATCH = YES;
				COPY_PHASE_STRIP = NO;
				DEBUG_INFORMATION_FORMAT = dwarf;
				ENABLE_STRICT_OBJC_MSGSEND = YES;
				ENABLE_TESTABILITY = YES;
				GCC_C_LANGUAGE_STANDARD = gnu11;
				GCC_DYNAMIC_NO_PIC = NO;
				GCC_NO_COMMON_BLOCKS = YES;
				GCC_OPTIMIZATION_LEVEL = 0;
				GCC_PREPROCESSOR_DEFINITIONS = (
					"DEBUG=1",
					"$(inherited)",
				);
				GCC_WARN_64_TO_32_BIT_CONVERSION = YES;
				GCC_WARN_ABOUT_RETURN_TYPE = YES_ERROR;
				GCC_WARN_UNDECLARED_SELECTOR = YES;
				GCC_WARN_UNINITIALIZED_AUTOS = YES_AGGRESSIVE;
				GCC_WARN_UNUSED_FUNCTION = YES;
				GCC_WARN_UNUSED_VARIABLE = YES;
				IPHONEOS_DEPLOYMENT_TARGET = 15.0;
				MTL_ENABLE_DEBUG_INFO = INCLUDE_SOURCE;
				MTL_FAST_MATH = YES;
				ONLY_ACTIVE_ARCH = YES;
				SDKROOT = iphoneos;
				SWIFT_ACTIVE_COMPILATION_CONDITIONS = DEBUG;
				SWIFT_OPTIMIZATION_LEVEL = "-Onone";
			};
			name = Debug;
		};
		EBAF61342754587500A70D1A /* Release */ = {
			isa = XCBuildConfiguration;
			buildSettings = {
				ALWAYS_SEARCH_USER_PATHS = NO;
				CLANG_ANALYZER_NONNULL = YES;
				CLANG_ANALYZER_NUMBER_OBJECT_CONVERSION = YES_AGGRESSIVE;
				CLANG_CXX_LANGUAGE_STANDARD = "gnu++17";
				CLANG_CXX_LIBRARY = "libc++";
				CLANG_ENABLE_MODULES = YES;
				CLANG_ENABLE_OBJC_ARC = YES;
				CLANG_ENABLE_OBJC_WEAK = YES;
				CLANG_WARN_BLOCK_CAPTURE_AUTORELEASING = YES;
				CLANG_WARN_BOOL_CONVERSION = YES;
				CLANG_WARN_COMMA = YES;
				CLANG_WARN_CONSTANT_CONVERSION = YES;
				CLANG_WARN_DEPRECATED_OBJC_IMPLEMENTATIONS = YES;
				CLANG_WARN_DIRECT_OBJC_ISA_USAGE = YES_ERROR;
				CLANG_WARN_DOCUMENTATION_COMMENTS = YES;
				CLANG_WARN_EMPTY_BODY = YES;
				CLANG_WARN_ENUM_CONVERSION = YES;
				CLANG_WARN_INFINITE_RECURSION = YES;
				CLANG_WARN_INT_CONVERSION = YES;
				CLANG_WARN_NON_LITERAL_NULL_CONVERSION = YES;
				CLANG_WARN_OBJC_IMPLICIT_RETAIN_SELF = YES;
				CLANG_WARN_OBJC_LITERAL_CONVERSION = YES;
				CLANG_WARN_OBJC_ROOT_CLASS = YES_ERROR;
				CLANG_WARN_QUOTED_INCLUDE_IN_FRAMEWORK_HEADER = YES;
				CLANG_WARN_RANGE_LOOP_ANALYSIS = YES;
				CLANG_WARN_STRICT_PROTOTYPES = YES;
				CLANG_WARN_SUSPICIOUS_MOVE = YES;
				CLANG_WARN_UNGUARDED_AVAILABILITY = YES_AGGRESSIVE;
				CLANG_WARN_UNREACHABLE_CODE = YES;
				CLANG_WARN__DUPLICATE_METHOD_MATCH = YES;
				COPY_PHASE_STRIP = NO;
				DEBUG_INFORMATION_FORMAT = "dwarf-with-dsym";
				ENABLE_NS_ASSERTIONS = NO;
				ENABLE_STRICT_OBJC_MSGSEND = YES;
				GCC_C_LANGUAGE_STANDARD = gnu11;
				GCC_NO_COMMON_BLOCKS = YES;
				GCC_WARN_64_TO_32_BIT_CONVERSION = YES;
				GCC_WARN_ABOUT_RETURN_TYPE = YES_ERROR;
				GCC_WARN_UNDECLARED_SELECTOR = YES;
				GCC_WARN_UNINITIALIZED_AUTOS = YES_AGGRESSIVE;
				GCC_WARN_UNUSED_FUNCTION = YES;
				GCC_WARN_UNUSED_VARIABLE = YES;
				IPHONEOS_DEPLOYMENT_TARGET = 15.0;
				MTL_ENABLE_DEBUG_INFO = NO;
				MTL_FAST_MATH = YES;
				SDKROOT = iphoneos;
				SWIFT_COMPILATION_MODE = wholemodule;
				SWIFT_OPTIMIZATION_LEVEL = "-O";
				VALIDATE_PRODUCT = YES;
			};
			name = Release;
		};
		EBAF61362754587500A70D1A /* Debug */ = {
			isa = XCBuildConfiguration;
			baseConfigurationReference = FE35184A0803E2DFC8868548 /* Pods-Todo.debug.xcconfig */;
			buildSettings = {
				ASSETCATALOG_COMPILER_APPICON_NAME = AppIcon;
				ASSETCATALOG_COMPILER_GLOBAL_ACCENT_COLOR_NAME = AccentColor;
				CODE_SIGN_STYLE = Automatic;
				CURRENT_PROJECT_VERSION = 1;
				DEVELOPMENT_TEAM = C2NBCDTHW3;
				GENERATE_INFOPLIST_FILE = YES;
				INFOPLIST_FILE = Todo/Info.plist;
				INFOPLIST_KEY_UIApplicationSupportsIndirectInputEvents = YES;
				INFOPLIST_KEY_UILaunchStoryboardName = LaunchScreen;
				INFOPLIST_KEY_UIMainStoryboardFile = Main;
				INFOPLIST_KEY_UISupportedInterfaceOrientations_iPad = "UIInterfaceOrientationPortrait UIInterfaceOrientationPortraitUpsideDown UIInterfaceOrientationLandscapeLeft UIInterfaceOrientationLandscapeRight";
				INFOPLIST_KEY_UISupportedInterfaceOrientations_iPhone = "UIInterfaceOrientationPortrait UIInterfaceOrientationLandscapeLeft UIInterfaceOrientationLandscapeRight";
				LD_RUNPATH_SEARCH_PATHS = (
					"$(inherited)",
					"@executable_path/Frameworks",
				);
				MARKETING_VERSION = 1.0;
				PRODUCT_BUNDLE_IDENTIFIER = com.leveloneoften.Todo;
				PRODUCT_NAME = "$(TARGET_NAME)";
				SWIFT_EMIT_LOC_STRINGS = YES;
				SWIFT_VERSION = 5.0;
				TARGETED_DEVICE_FAMILY = "1,2";
			};
			name = Debug;
		};
		EBAF61372754587500A70D1A /* Release */ = {
			isa = XCBuildConfiguration;
			baseConfigurationReference = B875E6379A66E3B85F4862CA /* Pods-Todo.release.xcconfig */;
			buildSettings = {
				ASSETCATALOG_COMPILER_APPICON_NAME = AppIcon;
				ASSETCATALOG_COMPILER_GLOBAL_ACCENT_COLOR_NAME = AccentColor;
				CODE_SIGN_STYLE = Automatic;
				CURRENT_PROJECT_VERSION = 1;
				DEVELOPMENT_TEAM = C2NBCDTHW3;
				GENERATE_INFOPLIST_FILE = YES;
				INFOPLIST_FILE = Todo/Info.plist;
				INFOPLIST_KEY_UIApplicationSupportsIndirectInputEvents = YES;
				INFOPLIST_KEY_UILaunchStoryboardName = LaunchScreen;
				INFOPLIST_KEY_UIMainStoryboardFile = Main;
				INFOPLIST_KEY_UISupportedInterfaceOrientations_iPad = "UIInterfaceOrientationPortrait UIInterfaceOrientationPortraitUpsideDown UIInterfaceOrientationLandscapeLeft UIInterfaceOrientationLandscapeRight";
				INFOPLIST_KEY_UISupportedInterfaceOrientations_iPhone = "UIInterfaceOrientationPortrait UIInterfaceOrientationLandscapeLeft UIInterfaceOrientationLandscapeRight";
				LD_RUNPATH_SEARCH_PATHS = (
					"$(inherited)",
					"@executable_path/Frameworks",
				);
				MARKETING_VERSION = 1.0;
				PRODUCT_BUNDLE_IDENTIFIER = com.leveloneoften.Todo;
				PRODUCT_NAME = "$(TARGET_NAME)";
				SWIFT_EMIT_LOC_STRINGS = YES;
				SWIFT_VERSION = 5.0;
				TARGETED_DEVICE_FAMILY = "1,2";
			};
			name = Release;
		};
/* End XCBuildConfiguration section */

/* Begin XCConfigurationList section */
		EBAF611C2754587400A70D1A /* Build configuration list for PBXProject "Todo" */ = {
			isa = XCConfigurationList;
			buildConfigurations = (
				EBAF61332754587500A70D1A /* Debug */,
				EBAF61342754587500A70D1A /* Release */,
			);
			defaultConfigurationIsVisible = 0;
			defaultConfigurationName = Release;
		};
		EBAF61352754587500A70D1A /* Build configuration list for PBXNativeTarget "Todo" */ = {
			isa = XCConfigurationList;
			buildConfigurations = (
				EBAF61362754587500A70D1A /* Debug */,
				EBAF61372754587500A70D1A /* Release */,
			);
			defaultConfigurationIsVisible = 0;
			defaultConfigurationName = Release;
		};
/* End XCConfigurationList section */

/* Begin XCVersionGroup section */
		EBF87B24275A4FF600E94169 /* TodoModel.xcdatamodeld */ = {
			isa = XCVersionGroup;
			children = (
				EBF87B25275A4FF600E94169 /* TodoModel.xcdatamodel */,
			);
			currentVersion = EBF87B25275A4FF600E94169 /* TodoModel.xcdatamodel */;
			path = TodoModel.xcdatamodeld;
			sourceTree = "<group>";
			versionGroupType = wrapper.xcdatamodel;
		};
/* End XCVersionGroup section */
	};
	rootObject = EBAF61192754587400A70D1A /* Project object */;
}
